
Microsoft Visual Studio Solution File, Format Version 12.00
# Visual Studio Version 17
VisualStudioVersion = 17.0.32112.339
MinimumVisualStudioVersion = 10.0.40219.1
Project("{9A19103F-16F7-4668-BE54-9A1E7A4F7556}") = "LibraryManagement", "RepositoryPattern\LibraryManagement.csproj", "{407B6D65-4B4C-4CC5-99F1-DADF09934C70}"
EndProject
Project("{9A19103F-16F7-4668-BE54-9A1E7A4F7556}") = "Repository", "Repository\Repository.csproj", "{4AB58165-5267-443B-B7FB-01851A96BD59}"
EndProject
Project("{9A19103F-16F7-4668-BE54-9A1E7A4F7556}") = "DomainModels", "DomainModels\DomainModels.csproj", "{6884685E-75CD-461C-A1EB-24557792CEDF}"
EndProject
Project("{FAE04EC0-301F-11D3-BF4B-00C04F79EFBC}") = "Authentication", "Authentication\Authentication.csproj", "{216F8457-8E4E-4BE7-96AE-DE5ED2C7D34F}"
EndProject
Global
	GlobalSection(SolutionConfigurationPlatforms) = preSolution
		Debug|Any CPU = Debug|Any CPU
		Release|Any CPU = Release|Any CPU
	EndGlobalSection
	GlobalSection(ProjectConfigurationPlatforms) = postSolution
		{407B6D65-4B4C-4CC5-99F1-DADF09934C70}.Debug|Any CPU.ActiveCfg = Debug|Any CPU
		{407B6D65-4B4C-4CC5-99F1-DADF09934C70}.Debug|Any CPU.Build.0 = Debug|Any CPU
		{407B6D65-4B4C-4CC5-99F1-DADF09934C70}.Release|Any CPU.ActiveCfg = Release|Any CPU
		{407B6D65-4B4C-4CC5-99F1-DADF09934C70}.Release|Any CPU.Build.0 = Release|Any CPU
		{4AB58165-5267-443B-B7FB-01851A96BD59}.Debug|Any CPU.ActiveCfg = Debug|Any CPU
		{4AB58165-5267-443B-B7FB-01851A96BD59}.Debug|Any CPU.Build.0 = Debug|Any CPU
		{4AB58165-5267-443B-B7FB-01851A96BD59}.Release|Any CPU.ActiveCfg = Release|Any CPU
		{4AB58165-5267-443B-B7FB-01851A96BD59}.Release|Any CPU.Build.0 = Release|Any CPU
		{6884685E-75CD-461C-A1EB-24557792CEDF}.Debug|Any CPU.ActiveCfg = Debug|Any CPU
		{6884685E-75CD-461C-A1EB-24557792CEDF}.Debug|Any CPU.Build.0 = Debug|Any CPU
		{6884685E-75CD-461C-A1EB-24557792CEDF}.Release|Any CPU.ActiveCfg = Release|Any CPU
		{6884685E-75CD-461C-A1EB-24557792CEDF}.Release|Any CPU.Build.0 = Release|Any CPU
		{216F8457-8E4E-4BE7-96AE-DE5ED2C7D34F}.Debug|Any CPU.ActiveCfg = Debug|Any CPU
		{216F8457-8E4E-4BE7-96AE-DE5ED2C7D34F}.Debug|Any CPU.Build.0 = Debug|Any CPU
		{216F8457-8E4E-4BE7-96AE-DE5ED2C7D34F}.Release|Any CPU.ActiveCfg = Release|Any CPU
		{216F8457-8E4E-4BE7-96AE-DE5ED2C7D34F}.Release|Any CPU.Build.0 = Release|Any CPU
	EndGlobalSection
	GlobalSection(SolutionProperties) = preSolution
		HideSolutionNode = FALSE
	EndGlobalSection
	GlobalSection(ExtensibilityGlobals) = postSolution
		SolutionGuid = {50328CE8-254B-40AF-9D65-71EB199E89A6}
	EndGlobalSection
EndGlobal
